
Microsoft Visual Studio Solution File, Format Version 12.00
# Visual Studio 15
VisualStudioVersion = 15.0.28010.2036
MinimumVisualStudioVersion = 10.0.40219.1
Project("{FAE04EC0-301F-11D3-BF4B-00C04F79EFBC}") = "Cons_IP_Check_C-sharp", "Cons_IP_Check_C-sharp\Cons_IP_Check_C-sharp.csproj", "{8A2D4314-847D-400D-BBF8-CCC8B9F9913D}"
EndProject
Global
	GlobalSection(SolutionConfigurationPlatforms) = preSolution
		Debug|Any CPU = Debug|Any CPU
		Release|Any CPU = Release|Any CPU
	EndGlobalSection
	GlobalSection(ProjectConfigurationPlatforms) = postSolution
		{8A2D4314-847D-400D-BBF8-CCC8B9F9913D}.Debug|Any CPU.ActiveCfg = Debug|Any CPU
		{8A2D4314-847D-400D-BBF8-CCC8B9F9913D}.Debug|Any CPU.Build.0 = Debug|Any CPU
		{8A2D4314-847D-400D-BBF8-CCC8B9F9913D}.Release|Any CPU.ActiveCfg = Release|Any CPU
		{8A2D4314-847D-400D-BBF8-CCC8B9F9913D}.Release|Any CPU.Build.0 = Release|Any CPU
	EndGlobalSection
	GlobalSection(SolutionProperties) = preSolution
		HideSolutionNode = FALSE
	EndGlobalSection
	GlobalSection(ExtensibilityGlobals) = postSolution
		SolutionGuid = {6E42FF92-8E8D-43E4-BCC4-234F3777CF1C}
	EndGlobalSection
EndGlobal
